
Microsoft Visual Studio Solution File, Format Version 12.00
# Visual Studio Version 17
VisualStudioVersion = 17.4.33205.214
MinimumVisualStudioVersion = 10.0.40219.1
Project("{F184B08F-C81C-45F6-A57F-5ABD9991F28F}") = "Minecraft LuaVBNET", "Minecraft LuaVBNET.vbproj", "{C849032D-4600-491D-886D-B7E0B9F1EE27}"
EndProject
Global
	GlobalSection(SolutionConfigurationPlatforms) = preSolution
		Debug|ARM = Debug|ARM
		Debug|ARM64 = Debug|ARM64
		Debug|x64 = Debug|x64
		Debug|x86 = Debug|x86
		Release|ARM = Release|ARM
		Release|ARM64 = Release|ARM64
		Release|x64 = Release|x64
		Release|x86 = Release|x86
	EndGlobalSection
	GlobalSection(ProjectConfigurationPlatforms) = postSolution
		{C849032D-4600-491D-886D-B7E0B9F1EE27}.Debug|ARM.ActiveCfg = Debug|ARM
		{C849032D-4600-491D-886D-B7E0B9F1EE27}.Debug|ARM.Build.0 = Debug|ARM
		{C849032D-4600-491D-886D-B7E0B9F1EE27}.Debug|ARM.Deploy.0 = Debug|ARM
		{C849032D-4600-491D-886D-B7E0B9F1EE27}.Debug|ARM64.ActiveCfg = Debug|ARM64
		{C849032D-4600-491D-886D-B7E0B9F1EE27}.Debug|ARM64.Build.0 = Debug|ARM64
		{C849032D-4600-491D-886D-B7E0B9F1EE27}.Debug|ARM64.Deploy.0 = Debug|ARM64
		{C849032D-4600-491D-886D-B7E0B9F1EE27}.Debug|x64.ActiveCfg = Debug|x64
		{C849032D-4600-491D-886D-B7E0B9F1EE27}.Debug|x64.Build.0 = Debug|x64
		{C849032D-4600-491D-886D-B7E0B9F1EE27}.Debug|x64.Deploy.0 = Debug|x64
		{C849032D-4600-491D-886D-B7E0B9F1EE27}.Debug|x86.ActiveCfg = Debug|x86
		{C849032D-4600-491D-886D-B7E0B9F1EE27}.Debug|x86.Build.0 = Debug|x86
		{C849032D-4600-491D-886D-B7E0B9F1EE27}.Debug|x86.Deploy.0 = Debug|x86
		{C849032D-4600-491D-886D-B7E0B9F1EE27}.Release|ARM.ActiveCfg = Release|ARM
		{C849032D-4600-491D-886D-B7E0B9F1EE27}.Release|ARM.Build.0 = Release|ARM
		{C849032D-4600-491D-886D-B7E0B9F1EE27}.Release|ARM.Deploy.0 = Release|ARM
		{C849032D-4600-491D-886D-B7E0B9F1EE27}.Release|ARM64.ActiveCfg = Release|ARM64
		{C849032D-4600-491D-886D-B7E0B9F1EE27}.Release|ARM64.Build.0 = Release|ARM64
		{C849032D-4600-491D-886D-B7E0B9F1EE27}.Release|ARM64.Deploy.0 = Release|ARM64
		{C849032D-4600-491D-886D-B7E0B9F1EE27}.Release|x64.ActiveCfg = Release|x64
		{C849032D-4600-491D-886D-B7E0B9F1EE27}.Release|x64.Build.0 = Release|x64
		{C849032D-4600-491D-886D-B7E0B9F1EE27}.Release|x64.Deploy.0 = Release|x64
		{C849032D-4600-491D-886D-B7E0B9F1EE27}.Release|x86.ActiveCfg = Release|x86
		{C849032D-4600-491D-886D-B7E0B9F1EE27}.Release|x86.Build.0 = Release|x86
		{C849032D-4600-491D-886D-B7E0B9F1EE27}.Release|x86.Deploy.0 = Release|x86
	EndGlobalSection
	GlobalSection(SolutionProperties) = preSolution
		HideSolutionNode = FALSE
	EndGlobalSection
	GlobalSection(ExtensibilityGlobals) = postSolution
		SolutionGuid = {555CEFA9-5C4B-4CED-B2AA-C0148C091560}
	EndGlobalSection
EndGlobal
